
Microsoft Visual Studio Solution File, Format Version 12.00
# Visual Studio Version 16
VisualStudioVersion = 16.0.31829.152
MinimumVisualStudioVersion = 10.0.40219.1
Project("{FAE04EC0-301F-11D3-BF4B-00C04F79EFBC}") = "Lab1Wpf", "Lab1Wpf\Lab1Wpf.csproj", "{DD65F1E6-E02A-4365-BC0B-9B0070A58DF6}"
EndProject
Global
	GlobalSection(SolutionConfigurationPlatforms) = preSolution
		Debug|Any CPU = Debug|Any CPU
		Release|Any CPU = Release|Any CPU
	EndGlobalSection
	GlobalSection(ProjectConfigurationPlatforms) = postSolution
		{DD65F1E6-E02A-4365-BC0B-9B0070A58DF6}.Debug|Any CPU.ActiveCfg = Debug|Any CPU
		{DD65F1E6-E02A-4365-BC0B-9B0070A58DF6}.Debug|Any CPU.Build.0 = Debug|Any CPU
		{DD65F1E6-E02A-4365-BC0B-9B0070A58DF6}.Release|Any CPU.ActiveCfg = Release|Any CPU
		{DD65F1E6-E02A-4365-BC0B-9B0070A58DF6}.Release|Any CPU.Build.0 = Release|Any CPU
	EndGlobalSection
	GlobalSection(SolutionProperties) = preSolution
		HideSolutionNode = FALSE
	EndGlobalSection
	GlobalSection(ExtensibilityGlobals) = postSolution
		SolutionGuid = {DF889072-29AA-47C4-B199-A5ECEEEC168C}
	EndGlobalSection
EndGlobal
